
Microsoft Visual Studio Solution File, Format Version 12.00
# Visual Studio Version 17
VisualStudioVersion = 17.2.32602.215
MinimumVisualStudioVersion = 10.0.40219.1
Project("{8BC9CEB8-8B4A-11D0-8D11-00A0C91BC942}") = "Hashing_chain", "Hashing_chain\Hashing_chain.vcxproj", "{CFF425FF-0CDA-46F2-9F2D-5F5CA461981B}"
EndProject
Global
	GlobalSection(SolutionConfigurationPlatforms) = preSolution
		Debug|x64 = Debug|x64
		Debug|x86 = Debug|x86
		Release|x64 = Release|x64
		Release|x86 = Release|x86
	EndGlobalSection
	GlobalSection(ProjectConfigurationPlatforms) = postSolution
		{CFF425FF-0CDA-46F2-9F2D-5F5CA461981B}.Debug|x64.ActiveCfg = Debug|x64
		{CFF425FF-0CDA-46F2-9F2D-5F5CA461981B}.Debug|x64.Build.0 = Debug|x64
		{CFF425FF-0CDA-46F2-9F2D-5F5CA461981B}.Debug|x86.ActiveCfg = Debug|Win32
		{CFF425FF-0CDA-46F2-9F2D-5F5CA461981B}.Debug|x86.Build.0 = Debug|Win32
		{CFF425FF-0CDA-46F2-9F2D-5F5CA461981B}.Release|x64.ActiveCfg = Release|x64
		{CFF425FF-0CDA-46F2-9F2D-5F5CA461981B}.Release|x64.Build.0 = Release|x64
		{CFF425FF-0CDA-46F2-9F2D-5F5CA461981B}.Release|x86.ActiveCfg = Release|Win32
		{CFF425FF-0CDA-46F2-9F2D-5F5CA461981B}.Release|x86.Build.0 = Release|Win32
	EndGlobalSection
	GlobalSection(SolutionProperties) = preSolution
		HideSolutionNode = FALSE
	EndGlobalSection
	GlobalSection(ExtensibilityGlobals) = postSolution
		SolutionGuid = {91978D69-D1F9-46D4-935D-E2116CB2A01D}
	EndGlobalSection
EndGlobal
